// !$*UTF8*$!
{
	archiveVersion = 1;
	classes = {
	};
	objectVersion = 52;
	objects = {

/* Begin PBXBuildFile section */
		041425C62729642F00B02EB3 /* AppDelegate.swift in Sources */ = {isa = PBXBuildFile; fileRef = 041425C52729642F00B02EB3 /* AppDelegate.swift */; };
		041425C82729642F00B02EB3 /* SceneDelegate.swift in Sources */ = {isa = PBXBuildFile; fileRef = 041425C72729642F00B02EB3 /* SceneDelegate.swift */; };
		041425CD2729642F00B02EB3 /* Main.storyboard in Resources */ = {isa = PBXBuildFile; fileRef = 041425CB2729642F00B02EB3 /* Main.storyboard */; };
		041425CF2729643100B02EB3 /* Assets.xcassets in Resources */ = {isa = PBXBuildFile; fileRef = 041425CE2729643100B02EB3 /* Assets.xcassets */; };
		041425D22729643100B02EB3 /* LaunchScreen.storyboard in Resources */ = {isa = PBXBuildFile; fileRef = 041425D02729643100B02EB3 /* LaunchScreen.storyboard */; };
		041425DF2729704800B02EB3 /* ConversationViewController.swift in Sources */ = {isa = PBXBuildFile; fileRef = 041425DE2729704800B02EB3 /* ConversationViewController.swift */; };
		041425E12729705D00B02EB3 /* LoginViewController.swift in Sources */ = {isa = PBXBuildFile; fileRef = 041425E02729705D00B02EB3 /* LoginViewController.swift */; };
		041425E32729707100B02EB3 /* RegisterViewController.swift in Sources */ = {isa = PBXBuildFile; fileRef = 041425E22729707100B02EB3 /* RegisterViewController.swift */; };
		041425E52729708200B02EB3 /* NewConversationViewController.swift in Sources */ = {isa = PBXBuildFile; fileRef = 041425E42729708200B02EB3 /* NewConversationViewController.swift */; };
		041425E72729709500B02EB3 /* ProfileViewController.swift in Sources */ = {isa = PBXBuildFile; fileRef = 041425E62729709500B02EB3 /* ProfileViewController.swift */; };
		041425EA27298B2000B02EB3 /* GoogleService-Info.plist in Resources */ = {isa = PBXBuildFile; fileRef = 041425E927298B2000B02EB3 /* GoogleService-Info.plist */; };
		041425ED27298BFB00B02EB3 /* FirebaseDatabase in Frameworks */ = {isa = PBXBuildFile; productRef = 041425EC27298BFB00B02EB3 /* FirebaseDatabase */; };
		041425EF27298BFB00B02EB3 /* FirebaseAnalytics in Frameworks */ = {isa = PBXBuildFile; productRef = 041425EE27298BFB00B02EB3 /* FirebaseAnalytics */; };
		041425F127298BFB00B02EB3 /* FirebaseDatabaseSwift-Beta in Frameworks */ = {isa = PBXBuildFile; productRef = 041425F027298BFB00B02EB3 /* FirebaseDatabaseSwift-Beta */; };
		041425F327298BFB00B02EB3 /* FirebaseAuth in Frameworks */ = {isa = PBXBuildFile; productRef = 041425F227298BFB00B02EB3 /* FirebaseAuth */; };
		041425F627299E8500B02EB3 /* CustomTextField.swift in Sources */ = {isa = PBXBuildFile; fileRef = 041425F527299E8500B02EB3 /* CustomTextField.swift */; };
		041425F82729C7B200B02EB3 /* UIKit.swift in Sources */ = {isa = PBXBuildFile; fileRef = 041425F72729C7B200B02EB3 /* UIKit.swift */; };
		041425FC2729F28800B02EB3 /* CustomButton.swift in Sources */ = {isa = PBXBuildFile; fileRef = 041425FB2729F28800B02EB3 /* CustomButton.swift */; };
		041425FF2729F42000B02EB3 /* UIColor.swift in Sources */ = {isa = PBXBuildFile; fileRef = 041425FE2729F42000B02EB3 /* UIColor.swift */; };
		041426012729F4E000B02EB3 /* UIFont.swift in Sources */ = {isa = PBXBuildFile; fileRef = 041426002729F4E000B02EB3 /* UIFont.swift */; };
		04142603272A04CA00B02EB3 /* CustomLabel.swift in Sources */ = {isa = PBXBuildFile; fileRef = 04142602272A04CA00B02EB3 /* CustomLabel.swift */; };
		04142605272A9F6800B02EB3 /* CustomImageView.swift in Sources */ = {isa = PBXBuildFile; fileRef = 04142604272A9F6800B02EB3 /* CustomImageView.swift */; };
		04142628272B283B00B02EB3 /* RSKImageCropper in Frameworks */ = {isa = PBXBuildFile; productRef = 04142627272B283B00B02EB3 /* RSKImageCropper */; };
		0414262A272C348000B02EB3 /* DatabaseManager.swift in Sources */ = {isa = PBXBuildFile; fileRef = 04142629272C347F00B02EB3 /* DatabaseManager.swift */; };
		0414262D272C8BC900B02EB3 /* MBProgressHUD in Frameworks */ = {isa = PBXBuildFile; productRef = 0414262C272C8BC900B02EB3 /* MBProgressHUD */; };
		0414262F272E7F0300B02EB3 /* tabBarVC.swift in Sources */ = {isa = PBXBuildFile; fileRef = 0414262E272E7F0200B02EB3 /* tabBarVC.swift */; };
/* End PBXBuildFile section */

/* Begin PBXFileReference section */
		041425C22729642F00B02EB3 /* MessengerApp.app */ = {isa = PBXFileReference; explicitFileType = wrapper.application; includeInIndex = 0; path = MessengerApp.app; sourceTree = BUILT_PRODUCTS_DIR; };
		041425C52729642F00B02EB3 /* AppDelegate.swift */ = {isa = PBXFileReference; lastKnownFileType = sourcecode.swift; path = AppDelegate.swift; sourceTree = "<group>"; };
		041425C72729642F00B02EB3 /* SceneDelegate.swift */ = {isa = PBXFileReference; lastKnownFileType = sourcecode.swift; path = SceneDelegate.swift; sourceTree = "<group>"; };
		041425CC2729642F00B02EB3 /* Base */ = {isa = PBXFileReference; lastKnownFileType = file.storyboard; name = Base; path = Base.lproj/Main.storyboard; sourceTree = "<group>"; };
		041425CE2729643100B02EB3 /* Assets.xcassets */ = {isa = PBXFileReference; lastKnownFileType = folder.assetcatalog; path = Assets.xcassets; sourceTree = "<group>"; };
		041425D12729643100B02EB3 /* Base */ = {isa = PBXFileReference; lastKnownFileType = file.storyboard; name = Base; path = Base.lproj/LaunchScreen.storyboard; sourceTree = "<group>"; };
		041425D32729643100B02EB3 /* Info.plist */ = {isa = PBXFileReference; lastKnownFileType = text.plist.xml; path = Info.plist; sourceTree = "<group>"; };
		041425DE2729704800B02EB3 /* ConversationViewController.swift */ = {isa = PBXFileReference; lastKnownFileType = sourcecode.swift; path = ConversationViewController.swift; sourceTree = "<group>"; };
		041425E02729705D00B02EB3 /* LoginViewController.swift */ = {isa = PBXFileReference; lastKnownFileType = sourcecode.swift; path = LoginViewController.swift; sourceTree = "<group>"; };
		041425E22729707100B02EB3 /* RegisterViewController.swift */ = {isa = PBXFileReference; lastKnownFileType = sourcecode.swift; path = RegisterViewController.swift; sourceTree = "<group>"; };
		041425E42729708200B02EB3 /* NewConversationViewController.swift */ = {isa = PBXFileReference; lastKnownFileType = sourcecode.swift; path = NewConversationViewController.swift; sourceTree = "<group>"; };
		041425E62729709500B02EB3 /* ProfileViewController.swift */ = {isa = PBXFileReference; lastKnownFileType = sourcecode.swift; path = ProfileViewController.swift; sourceTree = "<group>"; };
		041425E927298B2000B02EB3 /* GoogleService-Info.plist */ = {isa = PBXFileReference; fileEncoding = 4; lastKnownFileType = text.plist.xml; path = "GoogleService-Info.plist"; sourceTree = "<group>"; };
		041425F527299E8500B02EB3 /* CustomTextField.swift */ = {isa = PBXFileReference; lastKnownFileType = sourcecode.swift; path = CustomTextField.swift; sourceTree = "<group>"; };
		041425F72729C7B200B02EB3 /* UIKit.swift */ = {isa = PBXFileReference; lastKnownFileType = sourcecode.swift; path = UIKit.swift; sourceTree = "<group>"; };
		041425FB2729F28800B02EB3 /* CustomButton.swift */ = {isa = PBXFileReference; lastKnownFileType = sourcecode.swift; path = CustomButton.swift; sourceTree = "<group>"; };
		041425FE2729F42000B02EB3 /* UIColor.swift */ = {isa = PBXFileReference; lastKnownFileType = sourcecode.swift; path = UIColor.swift; sourceTree = "<group>"; };
		041426002729F4E000B02EB3 /* UIFont.swift */ = {isa = PBXFileReference; lastKnownFileType = sourcecode.swift; path = UIFont.swift; sourceTree = "<group>"; };
		04142602272A04CA00B02EB3 /* CustomLabel.swift */ = {isa = PBXFileReference; lastKnownFileType = sourcecode.swift; path = CustomLabel.swift; sourceTree = "<group>"; };
		04142604272A9F6800B02EB3 /* CustomImageView.swift */ = {isa = PBXFileReference; lastKnownFileType = sourcecode.swift; path = CustomImageView.swift; sourceTree = "<group>"; };
		04142629272C347F00B02EB3 /* DatabaseManager.swift */ = {isa = PBXFileReference; lastKnownFileType = sourcecode.swift; path = DatabaseManager.swift; sourceTree = "<group>"; };
		0414262E272E7F0200B02EB3 /* tabBarVC.swift */ = {isa = PBXFileReference; lastKnownFileType = sourcecode.swift; path = tabBarVC.swift; sourceTree = "<group>"; };
/* End PBXFileReference section */

/* Begin PBXFrameworksBuildPhase section */
		041425BF2729642F00B02EB3 /* Frameworks */ = {
			isa = PBXFrameworksBuildPhase;
			buildActionMask = 2147483647;
			files = (
				0414262D272C8BC900B02EB3 /* MBProgressHUD in Frameworks */,
				041425F127298BFB00B02EB3 /* FirebaseDatabaseSwift-Beta in Frameworks */,
				041425EF27298BFB00B02EB3 /* FirebaseAnalytics in Frameworks */,
				04142628272B283B00B02EB3 /* RSKImageCropper in Frameworks */,
				041425ED27298BFB00B02EB3 /* FirebaseDatabase in Frameworks */,
				041425F327298BFB00B02EB3 /* FirebaseAuth in Frameworks */,
			);
			runOnlyForDeploymentPostprocessing = 0;
		};
/* End PBXFrameworksBuildPhase section */

/* Begin PBXGroup section */
		041425B92729642F00B02EB3 = {
			isa = PBXGroup;
			children = (
				041425C42729642F00B02EB3 /* MessengerApp */,
				041425C32729642F00B02EB3 /* Products */,
			);
			sourceTree = "<group>";
		};
		041425C32729642F00B02EB3 /* Products */ = {
			isa = PBXGroup;
			children = (
				041425C22729642F00B02EB3 /* MessengerApp.app */,
			);
			name = Products;
			sourceTree = "<group>";
		};
		041425C42729642F00B02EB3 /* MessengerApp */ = {
			isa = PBXGroup;
			children = (
				041425FD2729F3F900B02EB3 /* core */,
				041425F427299E6300B02EB3 /* Custom */,
				041425D927296F2F00B02EB3 /* Resources */,
				041425DA27296F3B00B02EB3 /* Models */,
				041425DB27296F4E00B02EB3 /* Views */,
				041425DC27296F5F00B02EB3 /* Controllers */,
				041425D32729643100B02EB3 /* Info.plist */,
				041425E927298B2000B02EB3 /* GoogleService-Info.plist */,
				04142629272C347F00B02EB3 /* DatabaseManager.swift */,
			);
			path = MessengerApp;
			sourceTree = "<group>";
		};
		041425D927296F2F00B02EB3 /* Resources */ = {
			isa = PBXGroup;
			children = (
				041425C52729642F00B02EB3 /* AppDelegate.swift */,
				041425C72729642F00B02EB3 /* SceneDelegate.swift */,
			);
			path = Resources;
			sourceTree = "<group>";
		};
		041425DA27296F3B00B02EB3 /* Models */ = {
			isa = PBXGroup;
			children = (
			);
			path = Models;
			sourceTree = "<group>";
		};
		041425DB27296F4E00B02EB3 /* Views */ = {
			isa = PBXGroup;
			children = (
				041425DD27296FEB00B02EB3 /* Storyboards */,
				041425CE2729643100B02EB3 /* Assets.xcassets */,
			);
			path = Views;
			sourceTree = "<group>";
		};
		041425DC27296F5F00B02EB3 /* Controllers */ = {
			isa = PBXGroup;
			children = (
				041425DE2729704800B02EB3 /* ConversationViewController.swift */,
				041425E8272970AC00B02EB3 /* LogReg */,
				041425E42729708200B02EB3 /* NewConversationViewController.swift */,
				041425E62729709500B02EB3 /* ProfileViewController.swift */,
				0414262E272E7F0200B02EB3 /* tabBarVC.swift */,
			);
			path = Controllers;
			sourceTree = "<group>";
		};
		041425DD27296FEB00B02EB3 /* Storyboards */ = {
			isa = PBXGroup;
			children = (
				041425CB2729642F00B02EB3 /* Main.storyboard */,
				041425D02729643100B02EB3 /* LaunchScreen.storyboard */,
			);
			path = Storyboards;
			sourceTree = "<group>";
		};
		041425E8272970AC00B02EB3 /* LogReg */ = {
			isa = PBXGroup;
			children = (
				041425E02729705D00B02EB3 /* LoginViewController.swift */,
				041425E22729707100B02EB3 /* RegisterViewController.swift */,
			);
			path = LogReg;
			sourceTree = "<group>";
		};
		041425F427299E6300B02EB3 /* Custom */ = {
			isa = PBXGroup;
			children = (
				041425F527299E8500B02EB3 /* CustomTextField.swift */,
				041425FB2729F28800B02EB3 /* CustomButton.swift */,
				04142602272A04CA00B02EB3 /* CustomLabel.swift */,
				04142604272A9F6800B02EB3 /* CustomImageView.swift */,
			);
			path = Custom;
			sourceTree = "<group>";
		};
		041425FD2729F3F900B02EB3 /* core */ = {
			isa = PBXGroup;
			children = (
				041425F72729C7B200B02EB3 /* UIKit.swift */,
				041425FE2729F42000B02EB3 /* UIColor.swift */,
				041426002729F4E000B02EB3 /* UIFont.swift */,
			);
			path = core;
			sourceTree = "<group>";
		};
/* End PBXGroup section */

/* Begin PBXNativeTarget section */
		041425C12729642F00B02EB3 /* MessengerApp */ = {
			isa = PBXNativeTarget;
			buildConfigurationList = 041425D62729643100B02EB3 /* Build configuration list for PBXNativeTarget "MessengerApp" */;
			buildPhases = (
				041425BE2729642F00B02EB3 /* Sources */,
				041425BF2729642F00B02EB3 /* Frameworks */,
				041425C02729642F00B02EB3 /* Resources */,
			);
			buildRules = (
			);
			dependencies = (
			);
			name = MessengerApp;
			packageProductDependencies = (
				041425EC27298BFB00B02EB3 /* FirebaseDatabase */,
				041425EE27298BFB00B02EB3 /* FirebaseAnalytics */,
				041425F027298BFB00B02EB3 /* FirebaseDatabaseSwift-Beta */,
				041425F227298BFB00B02EB3 /* FirebaseAuth */,
				04142627272B283B00B02EB3 /* RSKImageCropper */,
				0414262C272C8BC900B02EB3 /* MBProgressHUD */,
			);
			productName = MessengerApp;
			productReference = 041425C22729642F00B02EB3 /* MessengerApp.app */;
			productType = "com.apple.product-type.application";
		};
/* End PBXNativeTarget section */

/* Begin PBXProject section */
		041425BA2729642F00B02EB3 /* Project object */ = {
			isa = PBXProject;
			attributes = {
				LastSwiftUpdateCheck = 1250;
				LastUpgradeCheck = 1250;
				TargetAttributes = {
					041425C12729642F00B02EB3 = {
						CreatedOnToolsVersion = 12.5.1;
					};
				};
			};
			buildConfigurationList = 041425BD2729642F00B02EB3 /* Build configuration list for PBXProject "MessengerApp" */;
			compatibilityVersion = "Xcode 9.3";
			developmentRegion = en;
			hasScannedForEncodings = 0;
			knownRegions = (
				en,
				Base,
			);
			mainGroup = 041425B92729642F00B02EB3;
			packageReferences = (
				041425EB27298BFB00B02EB3 /* XCRemoteSwiftPackageReference "firebase-ios-sdk" */,
				04142626272B283A00B02EB3 /* XCRemoteSwiftPackageReference "RSKImageCropper" */,
				0414262B272C8BC900B02EB3 /* XCRemoteSwiftPackageReference "MBProgressHUD" */,
			);
			productRefGroup = 041425C32729642F00B02EB3 /* Products */;
			projectDirPath = "";
			projectRoot = "";
			targets = (
				041425C12729642F00B02EB3 /* MessengerApp */,
			);
		};
/* End PBXProject section */

/* Begin PBXResourcesBuildPhase section */
		041425C02729642F00B02EB3 /* Resources */ = {
			isa = PBXResourcesBuildPhase;
			buildActionMask = 2147483647;
			files = (
				041425D22729643100B02EB3 /* LaunchScreen.storyboard in Resources */,
				041425EA27298B2000B02EB3 /* GoogleService-Info.plist in Resources */,
				041425CF2729643100B02EB3 /* Assets.xcassets in Resources */,
				041425CD2729642F00B02EB3 /* Main.storyboard in Resources */,
			);
			runOnlyForDeploymentPostprocessing = 0;
		};
/* End PBXResourcesBuildPhase section */

/* Begin PBXSourcesBuildPhase section */
		041425BE2729642F00B02EB3 /* Sources */ = {
			isa = PBXSourcesBuildPhase;
			buildActionMask = 2147483647;
			files = (
				041425E52729708200B02EB3 /* NewConversationViewController.swift in Sources */,
				04142603272A04CA00B02EB3 /* CustomLabel.swift in Sources */,
				0414262A272C348000B02EB3 /* DatabaseManager.swift in Sources */,
				041425C62729642F00B02EB3 /* AppDelegate.swift in Sources */,
				04142605272A9F6800B02EB3 /* CustomImageView.swift in Sources */,
				041425F627299E8500B02EB3 /* CustomTextField.swift in Sources */,
				041425DF2729704800B02EB3 /* ConversationViewController.swift in Sources */,
				041425F82729C7B200B02EB3 /* UIKit.swift in Sources */,
				041425E32729707100B02EB3 /* RegisterViewController.swift in Sources */,
				041425FC2729F28800B02EB3 /* CustomButton.swift in Sources */,
				041425FF2729F42000B02EB3 /* UIColor.swift in Sources */,
				041426012729F4E000B02EB3 /* UIFont.swift in Sources */,
				041425E12729705D00B02EB3 /* LoginViewController.swift in Sources */,
				041425E72729709500B02EB3 /* ProfileViewController.swift in Sources */,
				0414262F272E7F0300B02EB3 /* tabBarVC.swift in Sources */,
				041425C82729642F00B02EB3 /* SceneDelegate.swift in Sources */,
			);
			runOnlyForDeploymentPostprocessing = 0;
		};
/* End PBXSourcesBuildPhase section */

/* Begin PBXVariantGroup section */
		041425CB2729642F00B02EB3 /* Main.storyboard */ = {
			isa = PBXVariantGroup;
			children = (
				041425CC2729642F00B02EB3 /* Base */,
			);
			name = Main.storyboard;
			sourceTree = "<group>";
		};
		041425D02729643100B02EB3 /* LaunchScreen.storyboard */ = {
			isa = PBXVariantGroup;
			children = (
				041425D12729643100B02EB3 /* Base */,
			);
			name = LaunchScreen.storyboard;
			sourceTree = "<group>";
		};
/* End PBXVariantGroup section */

/* Begin XCBuildConfiguration section */
		041425D42729643100B02EB3 /* Debug */ = {
			isa = XCBuildConfiguration;
			buildSettings = {
				ALWAYS_SEARCH_USER_PATHS = NO;
				CLANG_ANALYZER_NONNULL = YES;
				CLANG_ANALYZER_NUMBER_OBJECT_CONVERSION = YES_AGGRESSIVE;
				CLANG_CXX_LANGUAGE_STANDARD = "gnu++14";
				CLANG_CXX_LIBRARY = "libc++";
				CLANG_ENABLE_MODULES = YES;
				CLANG_ENABLE_OBJC_ARC = YES;
				CLANG_ENABLE_OBJC_WEAK = YES;
				CLANG_WARN_BLOCK_CAPTURE_AUTORELEASING = YES;
				CLANG_WARN_BOOL_CONVERSION = YES;
				CLANG_WARN_COMMA = YES;
				CLANG_WARN_CONSTANT_CONVERSION = YES;
				CLANG_WARN_DEPRECATED_OBJC_IMPLEMENTATIONS = YES;
				CLANG_WARN_DIRECT_OBJC_ISA_USAGE = YES_ERROR;
				CLANG_WARN_DOCUMENTATION_COMMENTS = YES;
				CLANG_WARN_EMPTY_BODY = YES;
				CLANG_WARN_ENUM_CONVERSION = YES;
				CLANG_WARN_INFINITE_RECURSION = YES;
				CLANG_WARN_INT_CONVERSION = YES;
				CLANG_WARN_NON_LITERAL_NULL_CONVERSION = YES;
				CLANG_WARN_OBJC_IMPLICIT_RETAIN_SELF = YES;
				CLANG_WARN_OBJC_LITERAL_CONVERSION = YES;
				CLANG_WARN_OBJC_ROOT_CLASS = YES_ERROR;
				CLANG_WARN_QUOTED_INCLUDE_IN_FRAMEWORK_HEADER = YES;
				CLANG_WARN_RANGE_LOOP_ANALYSIS = YES;
				CLANG_WARN_STRICT_PROTOTYPES = YES;
				CLANG_WARN_SUSPICIOUS_MOVE = YES;
				CLANG_WARN_UNGUARDED_AVAILABILITY = YES_AGGRESSIVE;
				CLANG_WARN_UNREACHABLE_CODE = YES;
				CLANG_WARN__DUPLICATE_METHOD_MATCH = YES;
				COPY_PHASE_STRIP = NO;
				DEBUG_INFORMATION_FORMAT = dwarf;
				ENABLE_STRICT_OBJC_MSGSEND = YES;
				ENABLE_TESTABILITY = YES;
				GCC_C_LANGUAGE_STANDARD = gnu11;
				GCC_DYNAMIC_NO_PIC = NO;
				GCC_NO_COMMON_BLOCKS = YES;
				GCC_OPTIMIZATION_LEVEL = 0;
				GCC_PREPROCESSOR_DEFINITIONS = (
					"DEBUG=1",
					"$(inherited)",
				);
				GCC_WARN_64_TO_32_BIT_CONVERSION = YES;
				GCC_WARN_ABOUT_RETURN_TYPE = YES_ERROR;
				GCC_WARN_UNDECLARED_SELECTOR = YES;
				GCC_WARN_UNINITIALIZED_AUTOS = YES_AGGRESSIVE;
				GCC_WARN_UNUSED_FUNCTION = YES;
				GCC_WARN_UNUSED_VARIABLE = YES;
				IPHONEOS_DEPLOYMENT_TARGET = 14.5;
				MTL_ENABLE_DEBUG_INFO = INCLUDE_SOURCE;
				MTL_FAST_MATH = YES;
				ONLY_ACTIVE_ARCH = YES;
				SDKROOT = iphoneos;
				SWIFT_ACTIVE_COMPILATION_CONDITIONS = DEBUG;
				SWIFT_OPTIMIZATION_LEVEL = "-Onone";
			};
			name = Debug;
		};
		041425D52729643100B02EB3 /* Release */ = {
			isa = XCBuildConfiguration;
			buildSettings = {
				ALWAYS_SEARCH_USER_PATHS = NO;
				CLANG_ANALYZER_NONNULL = YES;
				CLANG_ANALYZER_NUMBER_OBJECT_CONVERSION = YES_AGGRESSIVE;
				CLANG_CXX_LANGUAGE_STANDARD = "gnu++14";
				CLANG_CXX_LIBRARY = "libc++";
				CLANG_ENABLE_MODULES = YES;
				CLANG_ENABLE_OBJC_ARC = YES;
				CLANG_ENABLE_OBJC_WEAK = YES;
				CLANG_WARN_BLOCK_CAPTURE_AUTORELEASING = YES;
				CLANG_WARN_BOOL_CONVERSION = YES;
				CLANG_WARN_COMMA = YES;
				CLANG_WARN_CONSTANT_CONVERSION = YES;
				CLANG_WARN_DEPRECATED_OBJC_IMPLEMENTATIONS = YES;
				CLANG_WARN_DIRECT_OBJC_ISA_USAGE = YES_ERROR;
				CLANG_WARN_DOCUMENTATION_COMMENTS = YES;
				CLANG_WARN_EMPTY_BODY = YES;
				CLANG_WARN_ENUM_CONVERSION = YES;
				CLANG_WARN_INFINITE_RECURSION = YES;
				CLANG_WARN_INT_CONVERSION = YES;
				CLANG_WARN_NON_LITERAL_NULL_CONVERSION = YES;
				CLANG_WARN_OBJC_IMPLICIT_RETAIN_SELF = YES;
				CLANG_WARN_OBJC_LITERAL_CONVERSION = YES;
				CLANG_WARN_OBJC_ROOT_CLASS = YES_ERROR;
				CLANG_WARN_QUOTED_INCLUDE_IN_FRAMEWORK_HEADER = YES;
				CLANG_WARN_RANGE_LOOP_ANALYSIS = YES;
				CLANG_WARN_STRICT_PROTOTYPES = YES;
				CLANG_WARN_SUSPICIOUS_MOVE = YES;
				CLANG_WARN_UNGUARDED_AVAILABILITY = YES_AGGRESSIVE;
				CLANG_WARN_UNREACHABLE_CODE = YES;
				CLANG_WARN__DUPLICATE_METHOD_MATCH = YES;
				COPY_PHASE_STRIP = NO;
				DEBUG_INFORMATION_FORMAT = "dwarf-with-dsym";
				ENABLE_NS_ASSERTIONS = NO;
				ENABLE_STRICT_OBJC_MSGSEND = YES;
				GCC_C_LANGUAGE_STANDARD = gnu11;
				GCC_NO_COMMON_BLOCKS = YES;
				GCC_WARN_64_TO_32_BIT_CONVERSION = YES;
				GCC_WARN_ABOUT_RETURN_TYPE = YES_ERROR;
				GCC_WARN_UNDECLARED_SELECTOR = YES;
				GCC_WARN_UNINITIALIZED_AUTOS = YES_AGGRESSIVE;
				GCC_WARN_UNUSED_FUNCTION = YES;
				GCC_WARN_UNUSED_VARIABLE = YES;
				IPHONEOS_DEPLOYMENT_TARGET = 14.5;
				MTL_ENABLE_DEBUG_INFO = NO;
				MTL_FAST_MATH = YES;
				SDKROOT = iphoneos;
				SWIFT_COMPILATION_MODE = wholemodule;
				SWIFT_OPTIMIZATION_LEVEL = "-O";
				VALIDATE_PRODUCT = YES;
			};
			name = Release;
		};
		041425D72729643100B02EB3 /* Debug */ = {
			isa = XCBuildConfiguration;
			buildSettings = {
				ASSETCATALOG_COMPILER_APPICON_NAME = AppIcon;
				ASSETCATALOG_COMPILER_GLOBAL_ACCENT_COLOR_NAME = AccentColor;
				CODE_SIGN_STYLE = Automatic;
				INFOPLIST_FILE = MessengerApp/Info.plist;
				LD_RUNPATH_SEARCH_PATHS = (
					"$(inherited)",
					"@executable_path/Frameworks",
				);
				PRODUCT_BUNDLE_IDENTIFIER = com.ios.khawlah.MessengerApp;
				PRODUCT_NAME = "$(TARGET_NAME)";
				SWIFT_VERSION = 5.0;
				TARGETED_DEVICE_FAMILY = "1,2";
			};
			name = Debug;
		};
		041425D82729643100B02EB3 /* Release */ = {
			isa = XCBuildConfiguration;
			buildSettings = {
				ASSETCATALOG_COMPILER_APPICON_NAME = AppIcon;
				ASSETCATALOG_COMPILER_GLOBAL_ACCENT_COLOR_NAME = AccentColor;
				CODE_SIGN_STYLE = Automatic;
				INFOPLIST_FILE = MessengerApp/Info.plist;
				LD_RUNPATH_SEARCH_PATHS = (
					"$(inherited)",
					"@executable_path/Frameworks",
				);
				PRODUCT_BUNDLE_IDENTIFIER = com.ios.khawlah.MessengerApp;
				PRODUCT_NAME = "$(TARGET_NAME)";
				SWIFT_VERSION = 5.0;
				TARGETED_DEVICE_FAMILY = "1,2";
			};
			name = Release;
		};
/* End XCBuildConfiguration section */

/* Begin XCConfigurationList section */
		041425BD2729642F00B02EB3 /* Build configuration list for PBXProject "MessengerApp" */ = {
			isa = XCConfigurationList;
			buildConfigurations = (
				041425D42729643100B02EB3 /* Debug */,
				041425D52729643100B02EB3 /* Release */,
			);
			defaultConfigurationIsVisible = 0;
			defaultConfigurationName = Release;
		};
		041425D62729643100B02EB3 /* Build configuration list for PBXNativeTarget "MessengerApp" */ = {
			isa = XCConfigurationList;
			buildConfigurations = (
				041425D72729643100B02EB3 /* Debug */,
				041425D82729643100B02EB3 /* Release */,
			);
			defaultConfigurationIsVisible = 0;
			defaultConfigurationName = Release;
		};
/* End XCConfigurationList section */

/* Begin XCRemoteSwiftPackageReference section */
		041425EB27298BFB00B02EB3 /* XCRemoteSwiftPackageReference "firebase-ios-sdk" */ = {
			isa = XCRemoteSwiftPackageReference;
			repositoryURL = "https://github.com/firebase/firebase-ios-sdk";
			requirement = {
				kind = upToNextMajorVersion;
				minimumVersion = 8.8.1;
			};
		};
		04142626272B283A00B02EB3 /* XCRemoteSwiftPackageReference "RSKImageCropper" */ = {
			isa = XCRemoteSwiftPackageReference;
			repositoryURL = "https://github.com/ruslanskorb/RSKImageCropper.git";
			requirement = {
				kind = upToNextMajorVersion;
				minimumVersion = 3.0.2;
			};
		};
		0414262B272C8BC900B02EB3 /* XCRemoteSwiftPackageReference "MBProgressHUD" */ = {
			isa = XCRemoteSwiftPackageReference;
			repositoryURL = "https://github.com/jdg/MBProgressHUD";
			requirement = {
				kind = upToNextMajorVersion;
				minimumVersion = 1.2.0;
			};
		};
/* End XCRemoteSwiftPackageReference section */

/* Begin XCSwiftPackageProductDependency section */
		041425EC27298BFB00B02EB3 /* FirebaseDatabase */ = {
			isa = XCSwiftPackageProductDependency;
			package = 041425EB27298BFB00B02EB3 /* XCRemoteSwiftPackageReference "firebase-ios-sdk" */;
			productName = FirebaseDatabase;
		};
		041425EE27298BFB00B02EB3 /* FirebaseAnalytics */ = {
			isa = XCSwiftPackageProductDependency;
			package = 041425EB27298BFB00B02EB3 /* XCRemoteSwiftPackageReference "firebase-ios-sdk" */;
			productName = FirebaseAnalytics;
		};
		041425F027298BFB00B02EB3 /* FirebaseDatabaseSwift-Beta */ = {
			isa = XCSwiftPackageProductDependency;
			package = 041425EB27298BFB00B02EB3 /* XCRemoteSwiftPackageReference "firebase-ios-sdk" */;
			productName = "FirebaseDatabaseSwift-Beta";
		};
		041425F227298BFB00B02EB3 /* FirebaseAuth */ = {
			isa = XCSwiftPackageProductDependency;
			package = 041425EB27298BFB00B02EB3 /* XCRemoteSwiftPackageReference "firebase-ios-sdk" */;
			productName = FirebaseAuth;
		};
		04142627272B283B00B02EB3 /* RSKImageCropper */ = {
			isa = XCSwiftPackageProductDependency;
			package = 04142626272B283A00B02EB3 /* XCRemoteSwiftPackageReference "RSKImageCropper" */;
			productName = RSKImageCropper;
		};
		0414262C272C8BC900B02EB3 /* MBProgressHUD */ = {
			isa = XCSwiftPackageProductDependency;
			package = 0414262B272C8BC900B02EB3 /* XCRemoteSwiftPackageReference "MBProgressHUD" */;
			productName = MBProgressHUD;
		};
/* End XCSwiftPackageProductDependency section */
	};
	rootObject = 041425BA2729642F00B02EB3 /* Project object */;
}
