// !$*UTF8*$!
{
	archiveVersion = 1;
	classes = {
	};
	objectVersion = 50;
	objects = {

/* Begin PBXBuildFile section */
		041425C62729642F00B02EB3 /* AppDelegate.swift in Sources */ = {isa = PBXBuildFile; fileRef = 041425C52729642F00B02EB3 /* AppDelegate.swift */; };
		041425C82729642F00B02EB3 /* SceneDelegate.swift in Sources */ = {isa = PBXBuildFile; fileRef = 041425C72729642F00B02EB3 /* SceneDelegate.swift */; };
		041425CD2729642F00B02EB3 /* Main.storyboard in Resources */ = {isa = PBXBuildFile; fileRef = 041425CB2729642F00B02EB3 /* Main.storyboard */; };
		041425CF2729643100B02EB3 /* Assets.xcassets in Resources */ = {isa = PBXBuildFile; fileRef = 041425CE2729643100B02EB3 /* Assets.xcassets */; };
		041425D22729643100B02EB3 /* LaunchScreen.storyboard in Resources */ = {isa = PBXBuildFile; fileRef = 041425D02729643100B02EB3 /* LaunchScreen.storyboard */; };
		041425DF2729704800B02EB3 /* ConversationViewController.swift in Sources */ = {isa = PBXBuildFile; fileRef = 041425DE2729704800B02EB3 /* ConversationViewController.swift */; };
		041425E12729705D00B02EB3 /* LoginViewController.swift in Sources */ = {isa = PBXBuildFile; fileRef = 041425E02729705D00B02EB3 /* LoginViewController.swift */; };
		041425E32729707100B02EB3 /* RegisterViewController.swift in Sources */ = {isa = PBXBuildFile; fileRef = 041425E22729707100B02EB3 /* RegisterViewController.swift */; };
		041425E52729708200B02EB3 /* NewConversationViewController.swift in Sources */ = {isa = PBXBuildFile; fileRef = 041425E42729708200B02EB3 /* NewConversationViewController.swift */; };
		041425E72729709500B02EB3 /* ProfileViewController.swift in Sources */ = {isa = PBXBuildFile; fileRef = 041425E62729709500B02EB3 /* ProfileViewController.swift */; };
/* End PBXBuildFile section */

/* Begin PBXFileReference section */
		041425C22729642F00B02EB3 /* MessengerApp.app */ = {isa = PBXFileReference; explicitFileType = wrapper.application; includeInIndex = 0; path = MessengerApp.app; sourceTree = BUILT_PRODUCTS_DIR; };
		041425C52729642F00B02EB3 /* AppDelegate.swift */ = {isa = PBXFileReference; lastKnownFileType = sourcecode.swift; path = AppDelegate.swift; sourceTree = "<group>"; };
		041425C72729642F00B02EB3 /* SceneDelegate.swift */ = {isa = PBXFileReference; lastKnownFileType = sourcecode.swift; path = SceneDelegate.swift; sourceTree = "<group>"; };
		041425CC2729642F00B02EB3 /* Base */ = {isa = PBXFileReference; lastKnownFileType = file.storyboard; name = Base; path = Base.lproj/Main.storyboard; sourceTree = "<group>"; };
		041425CE2729643100B02EB3 /* Assets.xcassets */ = {isa = PBXFileReference; lastKnownFileType = folder.assetcatalog; path = Assets.xcassets; sourceTree = "<group>"; };
		041425D12729643100B02EB3 /* Base */ = {isa = PBXFileReference; lastKnownFileType = file.storyboard; name = Base; path = Base.lproj/LaunchScreen.storyboard; sourceTree = "<group>"; };
		041425D32729643100B02EB3 /* Info.plist */ = {isa = PBXFileReference; lastKnownFileType = text.plist.xml; path = Info.plist; sourceTree = "<group>"; };
		041425DE2729704800B02EB3 /* ConversationViewController.swift */ = {isa = PBXFileReference; lastKnownFileType = sourcecode.swift; path = ConversationViewController.swift; sourceTree = "<group>"; };
		041425E02729705D00B02EB3 /* LoginViewController.swift */ = {isa = PBXFileReference; lastKnownFileType = sourcecode.swift; path = LoginViewController.swift; sourceTree = "<group>"; };
		041425E22729707100B02EB3 /* RegisterViewController.swift */ = {isa = PBXFileReference; lastKnownFileType = sourcecode.swift; path = RegisterViewController.swift; sourceTree = "<group>"; };
		041425E42729708200B02EB3 /* NewConversationViewController.swift */ = {isa = PBXFileReference; lastKnownFileType = sourcecode.swift; path = NewConversationViewController.swift; sourceTree = "<group>"; };
		041425E62729709500B02EB3 /* ProfileViewController.swift */ = {isa = PBXFileReference; lastKnownFileType = sourcecode.swift; path = ProfileViewController.swift; sourceTree = "<group>"; };
/* End PBXFileReference section */

/* Begin PBXFrameworksBuildPhase section */
		041425BF2729642F00B02EB3 /* Frameworks */ = {
			isa = PBXFrameworksBuildPhase;
			buildActionMask = 2147483647;
			files = (
			);
			runOnlyForDeploymentPostprocessing = 0;
		};
/* End PBXFrameworksBuildPhase section */

/* Begin PBXGroup section */
		041425B92729642F00B02EB3 = {
			isa = PBXGroup;
			children = (
				041425C42729642F00B02EB3 /* MessengerApp */,
				041425C32729642F00B02EB3 /* Products */,
			);
			sourceTree = "<group>";
		};
		041425C32729642F00B02EB3 /* Products */ = {
			isa = PBXGroup;
			children = (
				041425C22729642F00B02EB3 /* MessengerApp.app */,
			);
			name = Products;
			sourceTree = "<group>";
		};
		041425C42729642F00B02EB3 /* MessengerApp */ = {
			isa = PBXGroup;
			children = (
				041425D927296F2F00B02EB3 /* Resources */,
				041425DA27296F3B00B02EB3 /* Models */,
				041425DB27296F4E00B02EB3 /* Views */,
				041425DC27296F5F00B02EB3 /* Controllers */,
				041425D32729643100B02EB3 /* Info.plist */,
			);
			path = MessengerApp;
			sourceTree = "<group>";
		};
		041425D927296F2F00B02EB3 /* Resources */ = {
			isa = PBXGroup;
			children = (
				041425C52729642F00B02EB3 /* AppDelegate.swift */,
				041425C72729642F00B02EB3 /* SceneDelegate.swift */,
			);
			path = Resources;
			sourceTree = "<group>";
		};
		041425DA27296F3B00B02EB3 /* Models */ = {
			isa = PBXGroup;
			children = (
			);
			path = Models;
			sourceTree = "<group>";
		};
		041425DB27296F4E00B02EB3 /* Views */ = {
			isa = PBXGroup;
			children = (
				041425DD27296FEB00B02EB3 /* Storyboards */,
				041425CE2729643100B02EB3 /* Assets.xcassets */,
			);
			path = Views;
			sourceTree = "<group>";
		};
		041425DC27296F5F00B02EB3 /* Controllers */ = {
			isa = PBXGroup;
			children = (
				041425DE2729704800B02EB3 /* ConversationViewController.swift */,
				041425E8272970AC00B02EB3 /* LogReg */,
				041425E42729708200B02EB3 /* NewConversationViewController.swift */,
				041425E62729709500B02EB3 /* ProfileViewController.swift */,
			);
			path = Controllers;
			sourceTree = "<group>";
		};
		041425DD27296FEB00B02EB3 /* Storyboards */ = {
			isa = PBXGroup;
			children = (
				041425CB2729642F00B02EB3 /* Main.storyboard */,
				041425D02729643100B02EB3 /* LaunchScreen.storyboard */,
			);
			path = Storyboards;
			sourceTree = "<group>";
		};
		041425E8272970AC00B02EB3 /* LogReg */ = {
			isa = PBXGroup;
			children = (
				041425E02729705D00B02EB3 /* LoginViewController.swift */,
				041425E22729707100B02EB3 /* RegisterViewController.swift */,
			);
			path = LogReg;
			sourceTree = "<group>";
		};
/* End PBXGroup section */

/* Begin PBXNativeTarget section */
		041425C12729642F00B02EB3 /* MessengerApp */ = {
			isa = PBXNativeTarget;
			buildConfigurationList = 041425D62729643100B02EB3 /* Build configuration list for PBXNativeTarget "MessengerApp" */;
			buildPhases = (
				041425BE2729642F00B02EB3 /* Sources */,
				041425BF2729642F00B02EB3 /* Frameworks */,
				041425C02729642F00B02EB3 /* Resources */,
			);
			buildRules = (
			);
			dependencies = (
			);
			name = MessengerApp;
			productName = MessengerApp;
			productReference = 041425C22729642F00B02EB3 /* MessengerApp.app */;
			productType = "com.apple.product-type.application";
		};
/* End PBXNativeTarget section */

/* Begin PBXProject section */
		041425BA2729642F00B02EB3 /* Project object */ = {
			isa = PBXProject;
			attributes = {
				LastSwiftUpdateCheck = 1250;
				LastUpgradeCheck = 1250;
				TargetAttributes = {
					041425C12729642F00B02EB3 = {
						CreatedOnToolsVersion = 12.5.1;
					};
				};
			};
			buildConfigurationList = 041425BD2729642F00B02EB3 /* Build configuration list for PBXProject "MessengerApp" */;
			compatibilityVersion = "Xcode 9.3";
			developmentRegion = en;
			hasScannedForEncodings = 0;
			knownRegions = (
				en,
				Base,
			);
			mainGroup = 041425B92729642F00B02EB3;
			productRefGroup = 041425C32729642F00B02EB3 /* Products */;
			projectDirPath = "";
			projectRoot = "";
			targets = (
				041425C12729642F00B02EB3 /* MessengerApp */,
			);
		};
/* End PBXProject section */

/* Begin PBXResourcesBuildPhase section */
		041425C02729642F00B02EB3 /* Resources */ = {
			isa = PBXResourcesBuildPhase;
			buildActionMask = 2147483647;
			files = (
				041425D22729643100B02EB3 /* LaunchScreen.storyboard in Resources */,
				041425CF2729643100B02EB3 /* Assets.xcassets in Resources */,
				041425CD2729642F00B02EB3 /* Main.storyboard in Resources */,
			);
			runOnlyForDeploymentPostprocessing = 0;
		};
/* End PBXResourcesBuildPhase section */

/* Begin PBXSourcesBuildPhase section */
		041425BE2729642F00B02EB3 /* Sources */ = {
			isa = PBXSourcesBuildPhase;
			buildActionMask = 2147483647;
			files = (
				041425E52729708200B02EB3 /* NewConversationViewController.swift in Sources */,
				041425C62729642F00B02EB3 /* AppDelegate.swift in Sources */,
				041425DF2729704800B02EB3 /* ConversationViewController.swift in Sources */,
				041425E32729707100B02EB3 /* RegisterViewController.swift in Sources */,
				041425E12729705D00B02EB3 /* LoginViewController.swift in Sources */,
				041425E72729709500B02EB3 /* ProfileViewController.swift in Sources */,
				041425C82729642F00B02EB3 /* SceneDelegate.swift in Sources */,
			);
			runOnlyForDeploymentPostprocessing = 0;
		};
/* End PBXSourcesBuildPhase section */

/* Begin PBXVariantGroup section */
		041425CB2729642F00B02EB3 /* Main.storyboard */ = {
			isa = PBXVariantGroup;
			children = (
				041425CC2729642F00B02EB3 /* Base */,
			);
			name = Main.storyboard;
			sourceTree = "<group>";
		};
		041425D02729643100B02EB3 /* LaunchScreen.storyboard */ = {
			isa = PBXVariantGroup;
			children = (
				041425D12729643100B02EB3 /* Base */,
			);
			name = LaunchScreen.storyboard;
			sourceTree = "<group>";
		};
/* End PBXVariantGroup section */

/* Begin XCBuildConfiguration section */
		041425D42729643100B02EB3 /* Debug */ = {
			isa = XCBuildConfiguration;
			buildSettings = {
				ALWAYS_SEARCH_USER_PATHS = NO;
				CLANG_ANALYZER_NONNULL = YES;
				CLANG_ANALYZER_NUMBER_OBJECT_CONVERSION = YES_AGGRESSIVE;
				CLANG_CXX_LANGUAGE_STANDARD = "gnu++14";
				CLANG_CXX_LIBRARY = "libc++";
				CLANG_ENABLE_MODULES = YES;
				CLANG_ENABLE_OBJC_ARC = YES;
				CLANG_ENABLE_OBJC_WEAK = YES;
				CLANG_WARN_BLOCK_CAPTURE_AUTORELEASING = YES;
				CLANG_WARN_BOOL_CONVERSION = YES;
				CLANG_WARN_COMMA = YES;
				CLANG_WARN_CONSTANT_CONVERSION = YES;
				CLANG_WARN_DEPRECATED_OBJC_IMPLEMENTATIONS = YES;
				CLANG_WARN_DIRECT_OBJC_ISA_USAGE = YES_ERROR;
				CLANG_WARN_DOCUMENTATION_COMMENTS = YES;
				CLANG_WARN_EMPTY_BODY = YES;
				CLANG_WARN_ENUM_CONVERSION = YES;
				CLANG_WARN_INFINITE_RECURSION = YES;
				CLANG_WARN_INT_CONVERSION = YES;
				CLANG_WARN_NON_LITERAL_NULL_CONVERSION = YES;
				CLANG_WARN_OBJC_IMPLICIT_RETAIN_SELF = YES;
				CLANG_WARN_OBJC_LITERAL_CONVERSION = YES;
				CLANG_WARN_OBJC_ROOT_CLASS = YES_ERROR;
				CLANG_WARN_QUOTED_INCLUDE_IN_FRAMEWORK_HEADER = YES;
				CLANG_WARN_RANGE_LOOP_ANALYSIS = YES;
				CLANG_WARN_STRICT_PROTOTYPES = YES;
				CLANG_WARN_SUSPICIOUS_MOVE = YES;
				CLANG_WARN_UNGUARDED_AVAILABILITY = YES_AGGRESSIVE;
				CLANG_WARN_UNREACHABLE_CODE = YES;
				CLANG_WARN__DUPLICATE_METHOD_MATCH = YES;
				COPY_PHASE_STRIP = NO;
				DEBUG_INFORMATION_FORMAT = dwarf;
				ENABLE_STRICT_OBJC_MSGSEND = YES;
				ENABLE_TESTABILITY = YES;
				GCC_C_LANGUAGE_STANDARD = gnu11;
				GCC_DYNAMIC_NO_PIC = NO;
				GCC_NO_COMMON_BLOCKS = YES;
				GCC_OPTIMIZATION_LEVEL = 0;
				GCC_PREPROCESSOR_DEFINITIONS = (
					"DEBUG=1",
					"$(inherited)",
				);
				GCC_WARN_64_TO_32_BIT_CONVERSION = YES;
				GCC_WARN_ABOUT_RETURN_TYPE = YES_ERROR;
				GCC_WARN_UNDECLARED_SELECTOR = YES;
				GCC_WARN_UNINITIALIZED_AUTOS = YES_AGGRESSIVE;
				GCC_WARN_UNUSED_FUNCTION = YES;
				GCC_WARN_UNUSED_VARIABLE = YES;
				IPHONEOS_DEPLOYMENT_TARGET = 14.5;
				MTL_ENABLE_DEBUG_INFO = INCLUDE_SOURCE;
				MTL_FAST_MATH = YES;
				ONLY_ACTIVE_ARCH = YES;
				SDKROOT = iphoneos;
				SWIFT_ACTIVE_COMPILATION_CONDITIONS = DEBUG;
				SWIFT_OPTIMIZATION_LEVEL = "-Onone";
			};
			name = Debug;
		};
		041425D52729643100B02EB3 /* Release */ = {
			isa = XCBuildConfiguration;
			buildSettings = {
				ALWAYS_SEARCH_USER_PATHS = NO;
				CLANG_ANALYZER_NONNULL = YES;
				CLANG_ANALYZER_NUMBER_OBJECT_CONVERSION = YES_AGGRESSIVE;
				CLANG_CXX_LANGUAGE_STANDARD = "gnu++14";
				CLANG_CXX_LIBRARY = "libc++";
				CLANG_ENABLE_MODULES = YES;
				CLANG_ENABLE_OBJC_ARC = YES;
				CLANG_ENABLE_OBJC_WEAK = YES;
				CLANG_WARN_BLOCK_CAPTURE_AUTORELEASING = YES;
				CLANG_WARN_BOOL_CONVERSION = YES;
				CLANG_WARN_COMMA = YES;
				CLANG_WARN_CONSTANT_CONVERSION = YES;
				CLANG_WARN_DEPRECATED_OBJC_IMPLEMENTATIONS = YES;
				CLANG_WARN_DIRECT_OBJC_ISA_USAGE = YES_ERROR;
				CLANG_WARN_DOCUMENTATION_COMMENTS = YES;
				CLANG_WARN_EMPTY_BODY = YES;
				CLANG_WARN_ENUM_CONVERSION = YES;
				CLANG_WARN_INFINITE_RECURSION = YES;
				CLANG_WARN_INT_CONVERSION = YES;
				CLANG_WARN_NON_LITERAL_NULL_CONVERSION = YES;
				CLANG_WARN_OBJC_IMPLICIT_RETAIN_SELF = YES;
				CLANG_WARN_OBJC_LITERAL_CONVERSION = YES;
				CLANG_WARN_OBJC_ROOT_CLASS = YES_ERROR;
				CLANG_WARN_QUOTED_INCLUDE_IN_FRAMEWORK_HEADER = YES;
				CLANG_WARN_RANGE_LOOP_ANALYSIS = YES;
				CLANG_WARN_STRICT_PROTOTYPES = YES;
				CLANG_WARN_SUSPICIOUS_MOVE = YES;
				CLANG_WARN_UNGUARDED_AVAILABILITY = YES_AGGRESSIVE;
				CLANG_WARN_UNREACHABLE_CODE = YES;
				CLANG_WARN__DUPLICATE_METHOD_MATCH = YES;
				COPY_PHASE_STRIP = NO;
				DEBUG_INFORMATION_FORMAT = "dwarf-with-dsym";
				ENABLE_NS_ASSERTIONS = NO;
				ENABLE_STRICT_OBJC_MSGSEND = YES;
				GCC_C_LANGUAGE_STANDARD = gnu11;
				GCC_NO_COMMON_BLOCKS = YES;
				GCC_WARN_64_TO_32_BIT_CONVERSION = YES;
				GCC_WARN_ABOUT_RETURN_TYPE = YES_ERROR;
				GCC_WARN_UNDECLARED_SELECTOR = YES;
				GCC_WARN_UNINITIALIZED_AUTOS = YES_AGGRESSIVE;
				GCC_WARN_UNUSED_FUNCTION = YES;
				GCC_WARN_UNUSED_VARIABLE = YES;
				IPHONEOS_DEPLOYMENT_TARGET = 14.5;
				MTL_ENABLE_DEBUG_INFO = NO;
				MTL_FAST_MATH = YES;
				SDKROOT = iphoneos;
				SWIFT_COMPILATION_MODE = wholemodule;
				SWIFT_OPTIMIZATION_LEVEL = "-O";
				VALIDATE_PRODUCT = YES;
			};
			name = Release;
		};
		041425D72729643100B02EB3 /* Debug */ = {
			isa = XCBuildConfiguration;
			buildSettings = {
				ASSETCATALOG_COMPILER_APPICON_NAME = AppIcon;
				ASSETCATALOG_COMPILER_GLOBAL_ACCENT_COLOR_NAME = AccentColor;
				CODE_SIGN_STYLE = Automatic;
				INFOPLIST_FILE = MessengerApp/Info.plist;
				LD_RUNPATH_SEARCH_PATHS = (
					"$(inherited)",
					"@executable_path/Frameworks",
				);
				PRODUCT_BUNDLE_IDENTIFIER = com.ios.khawlah.MessengerApp;
				PRODUCT_NAME = "$(TARGET_NAME)";
				SWIFT_VERSION = 5.0;
				TARGETED_DEVICE_FAMILY = "1,2";
			};
			name = Debug;
		};
		041425D82729643100B02EB3 /* Release */ = {
			isa = XCBuildConfiguration;
			buildSettings = {
				ASSETCATALOG_COMPILER_APPICON_NAME = AppIcon;
				ASSETCATALOG_COMPILER_GLOBAL_ACCENT_COLOR_NAME = AccentColor;
				CODE_SIGN_STYLE = Automatic;
				INFOPLIST_FILE = MessengerApp/Info.plist;
				LD_RUNPATH_SEARCH_PATHS = (
					"$(inherited)",
					"@executable_path/Frameworks",
				);
				PRODUCT_BUNDLE_IDENTIFIER = com.ios.khawlah.MessengerApp;
				PRODUCT_NAME = "$(TARGET_NAME)";
				SWIFT_VERSION = 5.0;
				TARGETED_DEVICE_FAMILY = "1,2";
			};
			name = Release;
		};
/* End XCBuildConfiguration section */

/* Begin XCConfigurationList section */
		041425BD2729642F00B02EB3 /* Build configuration list for PBXProject "MessengerApp" */ = {
			isa = XCConfigurationList;
			buildConfigurations = (
				041425D42729643100B02EB3 /* Debug */,
				041425D52729643100B02EB3 /* Release */,
			);
			defaultConfigurationIsVisible = 0;
			defaultConfigurationName = Release;
		};
		041425D62729643100B02EB3 /* Build configuration list for PBXNativeTarget "MessengerApp" */ = {
			isa = XCConfigurationList;
			buildConfigurations = (
				041425D72729643100B02EB3 /* Debug */,
				041425D82729643100B02EB3 /* Release */,
			);
			defaultConfigurationIsVisible = 0;
			defaultConfigurationName = Release;
		};
/* End XCConfigurationList section */
	};
	rootObject = 041425BA2729642F00B02EB3 /* Project object */;
}
